lockfileVersion: '9.0'

settings:
  autoInstallPeers: true
  excludeLinksFromLockfile: false

importers:

  .:
    dependencies:
      posthog-js:
        specifier: ^1.306.1
        version: 1.306.1
      posthog-node:
        specifier: ^5.17.2
        version: 5.17.2

packages:

  '@posthog/core@1.7.1':
    resolution: {integrity: sha512-kjK0eFMIpKo9GXIbts8VtAknsoZ18oZorANdtuTj1CbgS28t4ZVq//HAWhnxEuXRTrtkd+SUJ6Ux3j2Af8NCuA==}

  core-js@3.47.0:
    resolution: {integrity: sha512-c3Q2VVkGAUyupsjRnaNX6u8Dq2vAdzm9iuPj5FW0fRxzlxgq9Q39MDq10IvmQSpLgHQNyQzQmOo6bgGHmH3NNg==}

  cross-spawn@7.0.6:
    resolution: {integrity: sha512-uV2QOWP2nWzsy2aMp8aRibhi9dlzF5Hgh5SHaB9OiTGEyDTiJJyx0uy51QXdyWbtAHNua4XJzUKca3OzKUd3vA==}
    engines: {node: '>= 8'}

  fflate@0.4.8:
    resolution: {integrity: sha512-FJqqoDBR00Mdj9ppamLa/Y7vxm+PRmNWA67N846RvsoYVMKB4q3y/de5PA7gUmRMYK/8CMz2GDZQmCRN1wBcWA==}

  isexe@2.0.0:
    resolution: {integrity: sha512-RHxMLp9lnKHGHRng9QFhRCMbYAcVpn69smSGcq3f36xjgVVWThj4qqLbTLlq7Ssj8B+fIQ1EuCEGI2lKsyQeIw==}

  path-key@3.1.1:
    resolution: {integrity: sha512-ojmeN0qd+y0jszEtoY48r0Peq5dwMEkIlCOu6Q5f41lfkswXuKtYrhgoTpLnyIcHm24Uhqx+5Tqm2InSwLhE6Q==}
    engines: {node: '>=8'}

  posthog-js@1.306.1:
    resolution: {integrity: sha512-wO7bliv/5tlAlfoKCUzwkGXZVNexk0dHigMf9tNp0q1rzs62wThogREY7Tz7h/iWKYiuXy1RumtVlTmHuBXa1w==}

  posthog-node@5.17.2:
    resolution: {integrity: sha512-lz3YJOr0Nmiz0yHASaINEDHqoV+0bC3eD8aZAG+Ky292dAnVYul+ga/dMX8KCBXg8hHfKdxw0SztYD5j6dgUqQ==}
    engines: {node: '>=20'}

  preact@10.28.0:
    resolution: {integrity: sha512-rytDAoiXr3+t6OIP3WGlDd0ouCUG1iCWzkcY3++Nreuoi17y6T5i/zRhe6uYfoVcxq6YU+sBtJouuRDsq8vvqA==}

  shebang-command@2.0.0:
    resolution: {integrity: sha512-kHxr2zZpYtdmrN1qDjrrX/Z1rR1kG8Dx+gkpK1G4eXmvXswmcE1hTWBWYUzlraYw1/yZp6YuDY77YtvbN0dmDA==}
    engines: {node: '>=8'}

  shebang-regex@3.0.0:
    resolution: {integrity: sha512-7++dFhtcx3353uBaq8DDR4NuxBetBzC7ZQOhmTQInHEd6bSrXdiEyzCvG07Z44UYdLShWUyXt5M/yhz8ekcb1A==}
    engines: {node: '>=8'}

  web-vitals@4.2.4:
    resolution: {integrity: sha512-r4DIlprAGwJ7YM11VZp4R884m0Vmgr6EAKe3P+kO0PPj3Unqyvv59rczf6UiGcb9Z8QxZVcqKNwv/g0WNdWwsw==}

  which@2.0.2:
    resolution: {integrity: sha512-BLI3Tl1TW3Pvl70l3yq3Y64i+awpwXqsGBYWkkqMtnbXgrMD+yj7rhW0kuEDxzJaYXGjEW5ogapKNMEKNMjibA==}
    engines: {node: '>= 8'}
    hasBin: true

snapshots:

  '@posthog/core@1.7.1':
    dependencies:
      cross-spawn: 7.0.6

  core-js@3.47.0: {}

  cross-spawn@7.0.6:
    dependencies:
      path-key: 3.1.1
      shebang-command: 2.0.0
      which: 2.0.2

  fflate@0.4.8: {}

  isexe@2.0.0: {}

  path-key@3.1.1: {}

  posthog-js@1.306.1:
    dependencies:
      '@posthog/core': 1.7.1
      core-js: 3.47.0
      fflate: 0.4.8
      preact: 10.28.0
      web-vitals: 4.2.4

  posthog-node@5.17.2:
    dependencies:
      '@posthog/core': 1.7.1

  preact@10.28.0: {}

  shebang-command@2.0.0:
    dependencies:
      shebang-regex: 3.0.0

  shebang-regex@3.0.0: {}

  web-vitals@4.2.4: {}

  which@2.0.2:
    dependencies:
      isexe: 2.0.0
